
Microsoft Visual Studio Solution File, Format Version 12.00
# Visual Studio 14
VisualStudioVersion = 14.0.25420.1
MinimumVisualStudioVersion = 10.0.40219.1
Project("{FAE04EC0-301F-11D3-BF4B-00C04F79EFBC}") = "Q1", "InterviewQuestionCoding\Q1.csproj", "{62A874B5-7EB0-4CE1-ACAD-4D566F511C1F}"
EndProject
Project("{FAE04EC0-301F-11D3-BF4B-00C04F79EFBC}") = "Q2", "Q2\Q2.csproj", "{4B969A38-0782-4DC0-933A-DBF1705CDA9D}"
EndProject
Project("{FAE04EC0-301F-11D3-BF4B-00C04F79EFBC}") = "Q3", "Q3\Q3.csproj", "{C53F1DA5-60D8-4E2E-9CEE-C215C0D7838C}"
EndProject
Project("{FAE04EC0-301F-11D3-BF4B-00C04F79EFBC}") = "Q3-2", "Q3-2\Q3-2.csproj", "{34452759-259A-4CE0-BEB1-A8ABEB425D96}"
EndProject
Project("{FAE04EC0-301F-11D3-BF4B-00C04F79EFBC}") = "Q4Q5", "Q4\Q4Q5.csproj", "{A378FEA9-369F-45A6-87A7-B84A0F44192E}"
EndProject
Project("{FAE04EC0-301F-11D3-BF4B-00C04F79EFBC}") = "Q6", "Q6\Q6.csproj", "{71F02763-D384-416A-839B-270E659B4484}"
EndProject
Project("{FAE04EC0-301F-11D3-BF4B-00C04F79EFBC}") = "Q7", "Q7\Q7.csproj", "{13F42E6F-AF1C-495E-8179-8EBAF3FEBD62}"
EndProject
Project("{FAE04EC0-301F-11D3-BF4B-00C04F79EFBC}") = "Q8", "Q8\Q8.csproj", "{0D5071EB-B7AF-461F-9746-A9AA1EAA0213}"
EndProject
Project("{FAE04EC0-301F-11D3-BF4B-00C04F79EFBC}") = "Q9", "Q9\Q9.csproj", "{D5A2188D-707A-41D4-B74B-98F1E425EE52}"
EndProject
Project("{FAE04EC0-301F-11D3-BF4B-00C04F79EFBC}") = "Q10", "Q10\Q10.csproj", "{4E7110B2-585C-4105-9049-7B5F7672A06C}"
EndProject
Project("{FAE04EC0-301F-11D3-BF4B-00C04F79EFBC}") = "Q11", "Q11\Q11.csproj", "{E74A9E31-66F8-4B16-80E2-ADA4EB72E21E}"
EndProject
Project("{FAE04EC0-301F-11D3-BF4B-00C04F79EFBC}") = "Q12", "Q12\Q12.csproj", "{F0883EA1-5980-46D2-83C7-3736F69666D6}"
EndProject
Project("{FAE04EC0-301F-11D3-BF4B-00C04F79EFBC}") = "Q13", "Q13\Q13.csproj", "{0B28C4BE-D584-4F9B-8EF0-36D1B1FFCF77}"
EndProject
Project("{FAE04EC0-301F-11D3-BF4B-00C04F79EFBC}") = "Q14", "Q14\Q14.csproj", "{AF4B6282-A340-4DFC-8619-F094E1979B93}"
EndProject
Project("{FAE04EC0-301F-11D3-BF4B-00C04F79EFBC}") = "Q15", "Q15\Q15.csproj", "{6B04FBE4-CFE2-457E-9637-3213864498CF}"
EndProject
Project("{FAE04EC0-301F-11D3-BF4B-00C04F79EFBC}") = "Q16", "Q16\Q16.csproj", "{656407B8-3136-42E9-9CDB-051853099DC3}"
EndProject
Global
	GlobalSection(SolutionConfigurationPlatforms) = preSolution
		Debug|Any CPU = Debug|Any CPU
		Release|Any CPU = Release|Any CPU
	EndGlobalSection
	GlobalSection(ProjectConfigurationPlatforms) = postSolution
		{62A874B5-7EB0-4CE1-ACAD-4D566F511C1F}.Debug|Any CPU.ActiveCfg = Debug|Any CPU
		{62A874B5-7EB0-4CE1-ACAD-4D566F511C1F}.Debug|Any CPU.Build.0 = Debug|Any CPU
		{62A874B5-7EB0-4CE1-ACAD-4D566F511C1F}.Release|Any CPU.ActiveCfg = Release|Any CPU
		{62A874B5-7EB0-4CE1-ACAD-4D566F511C1F}.Release|Any CPU.Build.0 = Release|Any CPU
		{4B969A38-0782-4DC0-933A-DBF1705CDA9D}.Debug|Any CPU.ActiveCfg = Debug|Any CPU
		{4B969A38-0782-4DC0-933A-DBF1705CDA9D}.Debug|Any CPU.Build.0 = Debug|Any CPU
		{4B969A38-0782-4DC0-933A-DBF1705CDA9D}.Release|Any CPU.ActiveCfg = Release|Any CPU
		{4B969A38-0782-4DC0-933A-DBF1705CDA9D}.Release|Any CPU.Build.0 = Release|Any CPU
		{C53F1DA5-60D8-4E2E-9CEE-C215C0D7838C}.Debug|Any CPU.ActiveCfg = Debug|Any CPU
		{C53F1DA5-60D8-4E2E-9CEE-C215C0D7838C}.Debug|Any CPU.Build.0 = Debug|Any CPU
		{C53F1DA5-60D8-4E2E-9CEE-C215C0D7838C}.Release|Any CPU.ActiveCfg = Release|Any CPU
		{C53F1DA5-60D8-4E2E-9CEE-C215C0D7838C}.Release|Any CPU.Build.0 = Release|Any CPU
		{34452759-259A-4CE0-BEB1-A8ABEB425D96}.Debug|Any CPU.ActiveCfg = Debug|Any CPU
		{34452759-259A-4CE0-BEB1-A8ABEB425D96}.Debug|Any CPU.Build.0 = Debug|Any CPU
		{34452759-259A-4CE0-BEB1-A8ABEB425D96}.Release|Any CPU.ActiveCfg = Release|Any CPU
		{34452759-259A-4CE0-BEB1-A8ABEB425D96}.Release|Any CPU.Build.0 = Release|Any CPU
		{A378FEA9-369F-45A6-87A7-B84A0F44192E}.Debug|Any CPU.ActiveCfg = Debug|Any CPU
		{A378FEA9-369F-45A6-87A7-B84A0F44192E}.Debug|Any CPU.Build.0 = Debug|Any CPU
		{A378FEA9-369F-45A6-87A7-B84A0F44192E}.Release|Any CPU.ActiveCfg = Release|Any CPU
		{A378FEA9-369F-45A6-87A7-B84A0F44192E}.Release|Any CPU.Build.0 = Release|Any CPU
		{71F02763-D384-416A-839B-270E659B4484}.Debug|Any CPU.ActiveCfg = Debug|Any CPU
		{71F02763-D384-416A-839B-270E659B4484}.Debug|Any CPU.Build.0 = Debug|Any CPU
		{71F02763-D384-416A-839B-270E659B4484}.Release|Any CPU.ActiveCfg = Release|Any CPU
		{71F02763-D384-416A-839B-270E659B4484}.Release|Any CPU.Build.0 = Release|Any CPU
		{13F42E6F-AF1C-495E-8179-8EBAF3FEBD62}.Debug|Any CPU.ActiveCfg = Debug|Any CPU
		{13F42E6F-AF1C-495E-8179-8EBAF3FEBD62}.Debug|Any CPU.Build.0 = Debug|Any CPU
		{13F42E6F-AF1C-495E-8179-8EBAF3FEBD62}.Release|Any CPU.ActiveCfg = Release|Any CPU
		{13F42E6F-AF1C-495E-8179-8EBAF3FEBD62}.Release|Any CPU.Build.0 = Release|Any CPU
		{0D5071EB-B7AF-461F-9746-A9AA1EAA0213}.Debug|Any CPU.ActiveCfg = Debug|Any CPU
		{0D5071EB-B7AF-461F-9746-A9AA1EAA0213}.Debug|Any CPU.Build.0 = Debug|Any CPU
		{0D5071EB-B7AF-461F-9746-A9AA1EAA0213}.Release|Any CPU.ActiveCfg = Release|Any CPU
		{0D5071EB-B7AF-461F-9746-A9AA1EAA0213}.Release|Any CPU.Build.0 = Release|Any CPU
		{D5A2188D-707A-41D4-B74B-98F1E425EE52}.Debug|Any CPU.ActiveCfg = Debug|Any CPU
		{D5A2188D-707A-41D4-B74B-98F1E425EE52}.Debug|Any CPU.Build.0 = Debug|Any CPU
		{D5A2188D-707A-41D4-B74B-98F1E425EE52}.Release|Any CPU.ActiveCfg = Release|Any CPU
		{D5A2188D-707A-41D4-B74B-98F1E425EE52}.Release|Any CPU.Build.0 = Release|Any CPU
		{4E7110B2-585C-4105-9049-7B5F7672A06C}.Debug|Any CPU.ActiveCfg = Debug|Any CPU
		{4E7110B2-585C-4105-9049-7B5F7672A06C}.Debug|Any CPU.Build.0 = Debug|Any CPU
		{4E7110B2-585C-4105-9049-7B5F7672A06C}.Release|Any CPU.ActiveCfg = Release|Any CPU
		{4E7110B2-585C-4105-9049-7B5F7672A06C}.Release|Any CPU.Build.0 = Release|Any CPU
		{E74A9E31-66F8-4B16-80E2-ADA4EB72E21E}.Debug|Any CPU.ActiveCfg = Debug|Any CPU
		{E74A9E31-66F8-4B16-80E2-ADA4EB72E21E}.Debug|Any CPU.Build.0 = Debug|Any CPU
		{E74A9E31-66F8-4B16-80E2-ADA4EB72E21E}.Release|Any CPU.ActiveCfg = Release|Any CPU
		{E74A9E31-66F8-4B16-80E2-ADA4EB72E21E}.Release|Any CPU.Build.0 = Release|Any CPU
		{F0883EA1-5980-46D2-83C7-3736F69666D6}.Debug|Any CPU.ActiveCfg = Debug|Any CPU
		{F0883EA1-5980-46D2-83C7-3736F69666D6}.Debug|Any CPU.Build.0 = Debug|Any CPU
		{F0883EA1-5980-46D2-83C7-3736F69666D6}.Release|Any CPU.ActiveCfg = Release|Any CPU
		{F0883EA1-5980-46D2-83C7-3736F69666D6}.Release|Any CPU.Build.0 = Release|Any CPU
		{0B28C4BE-D584-4F9B-8EF0-36D1B1FFCF77}.Debug|Any CPU.ActiveCfg = Debug|Any CPU
		{0B28C4BE-D584-4F9B-8EF0-36D1B1FFCF77}.Debug|Any CPU.Build.0 = Debug|Any CPU
		{0B28C4BE-D584-4F9B-8EF0-36D1B1FFCF77}.Release|Any CPU.ActiveCfg = Release|Any CPU
		{0B28C4BE-D584-4F9B-8EF0-36D1B1FFCF77}.Release|Any CPU.Build.0 = Release|Any CPU
		{AF4B6282-A340-4DFC-8619-F094E1979B93}.Debug|Any CPU.ActiveCfg = Debug|Any CPU
		{AF4B6282-A340-4DFC-8619-F094E1979B93}.Debug|Any CPU.Build.0 = Debug|Any CPU
		{AF4B6282-A340-4DFC-8619-F094E1979B93}.Release|Any CPU.ActiveCfg = Release|Any CPU
		{AF4B6282-A340-4DFC-8619-F094E1979B93}.Release|Any CPU.Build.0 = Release|Any CPU
		{6B04FBE4-CFE2-457E-9637-3213864498CF}.Debug|Any CPU.ActiveCfg = Debug|Any CPU
		{6B04FBE4-CFE2-457E-9637-3213864498CF}.Debug|Any CPU.Build.0 = Debug|Any CPU
		{6B04FBE4-CFE2-457E-9637-3213864498CF}.Release|Any CPU.ActiveCfg = Release|Any CPU
		{6B04FBE4-CFE2-457E-9637-3213864498CF}.Release|Any CPU.Build.0 = Release|Any CPU
		{656407B8-3136-42E9-9CDB-051853099DC3}.Debug|Any CPU.ActiveCfg = Debug|Any CPU
		{656407B8-3136-42E9-9CDB-051853099DC3}.Debug|Any CPU.Build.0 = Debug|Any CPU
		{656407B8-3136-42E9-9CDB-051853099DC3}.Release|Any CPU.ActiveCfg = Release|Any CPU
		{656407B8-3136-42E9-9CDB-051853099DC3}.Release|Any CPU.Build.0 = Release|Any CPU
	EndGlobalSection
	GlobalSection(SolutionProperties) = preSolution
		HideSolutionNode = FALSE
	EndGlobalSection
EndGlobal
